Microsoft Visual Studio Solution File, Format Version 12.00
# Visual Studio 15
VisualStudioVersion = 15.0.28307.106
MinimumVisualStudioVersion = 10.0.40219.1
Project("{9A19103F-16F7-4668-BE54-9A1E7A4F7556}") = "BoilerDemo_SS", "BoilerDemo_SS.csproj", "{57D07DAC-8A28-3C9C-80E9-C77D2C4299E6}"
EndProject
Global
    GlobalSection(SolutionConfigurationPlatforms) = preSolution
        Debug|Any CPU = Debug|Any CPU
        Release|Any CPU = Release|Any CPU
    EndGlobalSection
    GlobalSection(ProjectConfigurationPlatforms) = postSolution
        {57D07DAC-8A28-3C9C-80E9-C77D2C4299E6}.Debug|Any CPU.ActiveCfg = Debug|Any CPU
        {57D07DAC-8A28-3C9C-80E9-C77D2C4299E6}.Debug|Any CPU.Build.0 = Debug|Any CPU
        {57D07DAC-8A28-3C9C-80E9-C77D2C4299E6}.Release|Any CPU.ActiveCfg = Release|Any CPU
        {57D07DAC-8A28-3C9C-80E9-C77D2C4299E6}.Release|Any CPU.Build.0 = Release|Any CPU
    EndGlobalSection
    GlobalSection(SolutionProperties) = preSolution
        HideSolutionNode = FALSE
    EndGlobalSection
EndGlobal
